
Microsoft Visual Studio Solution File, Format Version 12.00
Project("{9A19103F-16F7-4668-BE54-9A1E7A4F7556}") = "_build", "build\_build.csproj", "{259A30DB-EEEC-4C72-8172-2567FE83BF08}"
EndProject
Project("{2150E333-8FDC-42A3-9474-1A3956D46DE8}") = "src", "src", "{F9E568AA-8843-412F-9612-F533EA17A573}"
EndProject
Project("{FAE04EC0-301F-11D3-BF4B-00C04F79EFBC}") = "Backend.Fx.IntegrationEvents", "src\Backend.Fx.IntegrationEvents\Backend.Fx.IntegrationEvents.csproj", "{6CA09CC0-9967-4173-8054-86207F2049D8}"
EndProject
Project("{FAE04EC0-301F-11D3-BF4B-00C04F79EFBC}") = "Backend.Fx.IntegrationEvents.Feature", "src\Backend.Fx.IntegrationEvents.Feature\Backend.Fx.IntegrationEvents.Feature.csproj", "{DED35433-75AB-471E-8CD1-48D325DB2AF5}"
EndProject
Project("{FAE04EC0-301F-11D3-BF4B-00C04F79EFBC}") = "Backend.Fx.IntegrationEvents.Feature.Tests", "src\Backend.Fx.IntegrationEvents.Feature.Tests\Backend.Fx.IntegrationEvents.Feature.Tests.csproj", "{E4A78933-99EC-4474-86CC-583685FE1D07}"
EndProject
Global
	GlobalSection(SolutionConfigurationPlatforms) = preSolution
		Debug|Any CPU = Debug|Any CPU
		Release|Any CPU = Release|Any CPU
	EndGlobalSection
	GlobalSection(ProjectConfigurationPlatforms) = postSolution
		{259A30DB-EEEC-4C72-8172-2567FE83BF08}.Debug|Any CPU.ActiveCfg = Debug|Any CPU
		{259A30DB-EEEC-4C72-8172-2567FE83BF08}.Release|Any CPU.ActiveCfg = Release|Any CPU
		{6CA09CC0-9967-4173-8054-86207F2049D8}.Debug|Any CPU.ActiveCfg = Debug|Any CPU
		{6CA09CC0-9967-4173-8054-86207F2049D8}.Debug|Any CPU.Build.0 = Debug|Any CPU
		{6CA09CC0-9967-4173-8054-86207F2049D8}.Release|Any CPU.ActiveCfg = Release|Any CPU
		{6CA09CC0-9967-4173-8054-86207F2049D8}.Release|Any CPU.Build.0 = Release|Any CPU
		{DED35433-75AB-471E-8CD1-48D325DB2AF5}.Debug|Any CPU.ActiveCfg = Debug|Any CPU
		{DED35433-75AB-471E-8CD1-48D325DB2AF5}.Debug|Any CPU.Build.0 = Debug|Any CPU
		{DED35433-75AB-471E-8CD1-48D325DB2AF5}.Release|Any CPU.ActiveCfg = Release|Any CPU
		{DED35433-75AB-471E-8CD1-48D325DB2AF5}.Release|Any CPU.Build.0 = Release|Any CPU
		{E4A78933-99EC-4474-86CC-583685FE1D07}.Debug|Any CPU.ActiveCfg = Debug|Any CPU
		{E4A78933-99EC-4474-86CC-583685FE1D07}.Debug|Any CPU.Build.0 = Debug|Any CPU
		{E4A78933-99EC-4474-86CC-583685FE1D07}.Release|Any CPU.ActiveCfg = Release|Any CPU
		{E4A78933-99EC-4474-86CC-583685FE1D07}.Release|Any CPU.Build.0 = Release|Any CPU
	EndGlobalSection
	GlobalSection(NestedProjects) = preSolution
		{6CA09CC0-9967-4173-8054-86207F2049D8} = {F9E568AA-8843-412F-9612-F533EA17A573}
		{DED35433-75AB-471E-8CD1-48D325DB2AF5} = {F9E568AA-8843-412F-9612-F533EA17A573}
		{E4A78933-99EC-4474-86CC-583685FE1D07} = {F9E568AA-8843-412F-9612-F533EA17A573}
	EndGlobalSection
EndGlobal
